
Microsoft Visual Studio Solution File, Format Version 12.00
# Visual Studio 15
VisualStudioVersion = 15.0.27703.2026
MinimumVisualStudioVersion = 10.0.40219.1
Project("{FAE04EC0-301F-11D3-BF4B-00C04F79EFBC}") = "RSACryptLibrary", "RSACryptLibrary\RSACryptLibrary.csproj", "{903481DD-880E-430D-B4DF-19EFC510B29E}"
EndProject
Project("{FAE04EC0-301F-11D3-BF4B-00C04F79EFBC}") = "RSACrypt", "..\RSACrypt\RSACrypt\RSACrypt.csproj", "{46972798-7ECF-44C3-890F-046F5C79077A}"
EndProject
Global
	GlobalSection(SolutionConfigurationPlatforms) = preSolution
		Debug|Any CPU = Debug|Any CPU
		Release|Any CPU = Release|Any CPU
	EndGlobalSection
	GlobalSection(ProjectConfigurationPlatforms) = postSolution
		{903481DD-880E-430D-B4DF-19EFC510B29E}.Debug|Any CPU.ActiveCfg = Debug|Any CPU
		{903481DD-880E-430D-B4DF-19EFC510B29E}.Debug|Any CPU.Build.0 = Debug|Any CPU
		{903481DD-880E-430D-B4DF-19EFC510B29E}.Release|Any CPU.ActiveCfg = Release|Any CPU
		{903481DD-880E-430D-B4DF-19EFC510B29E}.Release|Any CPU.Build.0 = Release|Any CPU
		{46972798-7ECF-44C3-890F-046F5C79077A}.Debug|Any CPU.ActiveCfg = Debug|Any CPU
		{46972798-7ECF-44C3-890F-046F5C79077A}.Debug|Any CPU.Build.0 = Debug|Any CPU
		{46972798-7ECF-44C3-890F-046F5C79077A}.Release|Any CPU.ActiveCfg = Release|Any CPU
		{46972798-7ECF-44C3-890F-046F5C79077A}.Release|Any CPU.Build.0 = Release|Any CPU
	EndGlobalSection
	GlobalSection(SolutionProperties) = preSolution
		HideSolutionNode = FALSE
	EndGlobalSection
	GlobalSection(ExtensibilityGlobals) = postSolution
		SolutionGuid = {6AC0F6C2-5CB5-49B1-A5D7-C9D41B7C7D46}
	EndGlobalSection
EndGlobal
